// !$*UTF8*$!
{
	archiveVersion = 1;
	classes = {
	};
	objectVersion = 46;
	objects = {

/* Begin PBXBuildFile section */
		784D9E901B6E46C500AD3F4F /* NewFriendViewController.m in Sources */ = {isa = PBXBuildFile; fileRef = 784D9E8F1B6E46C500AD3F4F /* NewFriendViewController.m */; };
		784D9E931B6E570100AD3F4F /* NewTagViewController.m in Sources */ = {isa = PBXBuildFile; fileRef = 784D9E921B6E570100AD3F4F /* NewTagViewController.m */; };
		784D9E961B6E5A2900AD3F4F /* NewTagCollectionViewCell.m in Sources */ = {isa = PBXBuildFile; fileRef = 784D9E951B6E5A2900AD3F4F /* NewTagCollectionViewCell.m */; };
		784D9E991B6F5F4E00AD3F4F /* RestAPI.m in Sources */ = {isa = PBXBuildFile; fileRef = 784D9E981B6F5F4E00AD3F4F /* RestAPI.m */; };
		784D9E9D1B70863800AD3F4F /* LoginInViewController.m in Sources */ = {isa = PBXBuildFile; fileRef = 784D9E9C1B70863800AD3F4F /* LoginInViewController.m */; };
		784D9EA61B71BF8C00AD3F4F /* libsqlite3.dylib in Frameworks */ = {isa = PBXBuildFile; fileRef = 784D9EA51B71BF8C00AD3F4F /* libsqlite3.dylib */; };
		784D9EA91B71C80A00AD3F4F /* SqliteManager.m in Sources */ = {isa = PBXBuildFile; fileRef = 784D9EA81B71C80A00AD3F4F /* SqliteManager.m */; };
		784D9EAC1B7201DD00AD3F4F /* LoginInNavigationViewController.m in Sources */ = {isa = PBXBuildFile; fileRef = 784D9EAB1B7201DD00AD3F4F /* LoginInNavigationViewController.m */; };
		784D9EAF1B7240B400AD3F4F /* MainTabViewController.m in Sources */ = {isa = PBXBuildFile; fileRef = 784D9EAE1B7240B400AD3F4F /* MainTabViewController.m */; };
		784D9EB21B7256C300AD3F4F /* RestAPIReconnection.m in Sources */ = {isa = PBXBuildFile; fileRef = 784D9EB11B7256C300AD3F4F /* RestAPIReconnection.m */; };
		784D9EEA1B7453B700AD3F4F /* CalendarViewController.m in Sources */ = {isa = PBXBuildFile; fileRef = 784D9EDB1B7453B700AD3F4F /* CalendarViewController.m */; };
		784D9EEB1B7453B700AD3F4F /* CalendarMonthCollectionViewLayout.m in Sources */ = {isa = PBXBuildFile; fileRef = 784D9EDD1B7453B700AD3F4F /* CalendarMonthCollectionViewLayout.m */; };
		784D9EEC1B7453B700AD3F4F /* CalendarMonthHeaderView.m in Sources */ = {isa = PBXBuildFile; fileRef = 784D9EDF1B7453B700AD3F4F /* CalendarMonthHeaderView.m */; };
		784D9EED1B7453B700AD3F4F /* CalendarDayCell.m in Sources */ = {isa = PBXBuildFile; fileRef = 784D9EE11B7453B700AD3F4F /* CalendarDayCell.m */; };
		784D9EEE1B7453B700AD3F4F /* CalendarLogic.m in Sources */ = {isa = PBXBuildFile; fileRef = 784D9EE31B7453B700AD3F4F /* CalendarLogic.m */; };
		784D9EEF1B7453B700AD3F4F /* CalendarDayModel.m in Sources */ = {isa = PBXBuildFile; fileRef = 784D9EE51B7453B700AD3F4F /* CalendarDayModel.m */; };
		784D9EF01B7453B700AD3F4F /* NSDate+WQCalendarLogic.m in Sources */ = {isa = PBXBuildFile; fileRef = 784D9EE71B7453B700AD3F4F /* NSDate+WQCalendarLogic.m */; };
		787111C01B67694F006B245B /* main.m in Sources */ = {isa = PBXBuildFile; fileRef = 787111BF1B67694F006B245B /* main.m */; };
		787111C31B67694F006B245B /* AppDelegate.m in Sources */ = {isa = PBXBuildFile; fileRef = 787111C21B67694F006B245B /* AppDelegate.m */; };
		787111C61B67694F006B245B /* yoko.xcdatamodeld in Sources */ = {isa = PBXBuildFile; fileRef = 787111C41B67694F006B245B /* yoko.xcdatamodeld */; };
		787111C91B67694F006B245B /* ViewController.m in Sources */ = {isa = PBXBuildFile; fileRef = 787111C81B67694F006B245B /* ViewController.m */; };
		787111CC1B67694F006B245B /* Main.storyboard in Resources */ = {isa = PBXBuildFile; fileRef = 787111CA1B67694F006B245B /* Main.storyboard */; };
		787111CE1B67694F006B245B /* Images.xcassets in Resources */ = {isa = PBXBuildFile; fileRef = 787111CD1B67694F006B245B /* Images.xcassets */; };
		787111D11B67694F006B245B /* LaunchScreen.xib in Resources */ = {isa = PBXBuildFile; fileRef = 787111CF1B67694F006B245B /* LaunchScreen.xib */; };
		787111DD1B67694F006B245B /* yokoTests.m in Sources */ = {isa = PBXBuildFile; fileRef = 787111DC1B67694F006B245B /* yokoTests.m */; };
		787111E81B677079006B245B /* FriendView.m in Sources */ = {isa = PBXBuildFile; fileRef = 787111E71B677079006B245B /* FriendView.m */; };
		78BC77731B69F16900CBBE3A /* FriendDetailPageViewController.m in Sources */ = {isa = PBXBuildFile; fileRef = 78BC77721B69F16900CBBE3A /* FriendDetailPageViewController.m */; };
		78BC77761B69F19C00CBBE3A /* FriendDetailViewController.m in Sources */ = {isa = PBXBuildFile; fileRef = 78BC77751B69F19C00CBBE3A /* FriendDetailViewController.m */; };
		78BC77791B69FF2100CBBE3A /* RootFriendDetailViewController.m in Sources */ = {isa = PBXBuildFile; fileRef = 78BC77781B69FF2100CBBE3A /* RootFriendDetailViewController.m */; };
		78BC777C1B6A2FC300CBBE3A /* SignUpViewController.m in Sources */ = {isa = PBXBuildFile; fileRef = 78BC777B1B6A2FC300CBBE3A /* SignUpViewController.m */; };
		78BC77831B6A385E00CBBE3A /* SMS_SDK.framework in Frameworks */ = {isa = PBXBuildFile; fileRef = 78BC77821B6A385E00CBBE3A /* SMS_SDK.framework */; };
		78BC77861B6A38B500CBBE3A /* libicucore.dylib in Frameworks */ = {isa = PBXBuildFile; fileRef = 78BC77851B6A38B400CBBE3A /* libicucore.dylib */; };
		78BC77881B6A38BE00CBBE3A /* libz.dylib in Frameworks */ = {isa = PBXBuildFile; fileRef = 78BC77871B6A38BE00CBBE3A /* libz.dylib */; };
		78BC778A1B6A38C700CBBE3A /* MessageUI.framework in Frameworks */ = {isa = PBXBuildFile; fileRef = 78BC77891B6A38C700CBBE3A /* MessageUI.framework */; };
		78BC778D1B6A42FA00CBBE3A /* EnterPasswordViewController.m in Sources */ = {isa = PBXBuildFile; fileRef = 78BC778C1B6A42FA00CBBE3A /* EnterPasswordViewController.m */; };
		78BC77901B6A509900CBBE3A /* SetTagViewController.m in Sources */ = {isa = PBXBuildFile; fileRef = 78BC778F1B6A509900CBBE3A /* SetTagViewController.m */; };
/* End PBXBuildFile section */

/* Begin PBXContainerItemProxy section */
		787111D71B67694F006B245B /* PBXContainerItemProxy */ = {
			isa = PBXContainerItemProxy;
			containerPortal = 787111B21B67694F006B245B /* Project object */;
			proxyType = 1;
			remoteGlobalIDString = 787111B91B67694F006B245B;
			remoteInfo = yoko;
		};
/* End PBXContainerItemProxy section */

/* Begin PBXFileReference section */
		784D9E8E1B6E46C500AD3F4F /* NewFriendViewController.h */ = {isa = PBXFileReference; fileEncoding = 4; lastKnownFileType = sourcecode.c.h; path = NewFriendViewController.h; sourceTree = "<group>"; };
		784D9E8F1B6E46C500AD3F4F /* NewFriendViewController.m */ = {isa = PBXFileReference; fileEncoding = 4; lastKnownFileType = sourcecode.c.objc; path = NewFriendViewController.m; sourceTree = "<group>"; };
		784D9E911B6E570100AD3F4F /* NewTagViewController.h */ = {isa = PBXFileReference; fileEncoding = 4; lastKnownFileType = sourcecode.c.h; path = NewTagViewController.h; sourceTree = "<group>"; };
		784D9E921B6E570100AD3F4F /* NewTagViewController.m */ = {isa = PBXFileReference; fileEncoding = 4; lastKnownFileType = sourcecode.c.objc; path = NewTagViewController.m; sourceTree = "<group>"; };
		784D9E941B6E5A2800AD3F4F /* NewTagCollectionViewCell.h */ = {isa = PBXFileReference; fileEncoding = 4; lastKnownFileType = sourcecode.c.h; path = NewTagCollectionViewCell.h; sourceTree = "<group>"; };
		784D9E951B6E5A2900AD3F4F /* NewTagCollectionViewCell.m */ = {isa = PBXFileReference; fileEncoding = 4; lastKnownFileType = sourcecode.c.objc; path = NewTagCollectionViewCell.m; sourceTree = "<group>"; };
		784D9E971B6F5F4E00AD3F4F /* RestAPI.h */ = {isa = PBXFileReference; fileEncoding = 4; lastKnownFileType = sourcecode.c.h; path = RestAPI.h; sourceTree = "<group>"; };
		784D9E981B6F5F4E00AD3F4F /* RestAPI.m */ = {isa = PBXFileReference; fileEncoding = 4; lastKnownFileType = sourcecode.c.objc; path = RestAPI.m; sourceTree = "<group>"; };
		784D9E9B1B70863800AD3F4F /* LoginInViewController.h */ = {isa = PBXFileReference; fileEncoding = 4; lastKnownFileType = sourcecode.c.h; path = LoginInViewController.h; sourceTree = "<group>"; };
		784D9E9C1B70863800AD3F4F /* LoginInViewController.m */ = {isa = PBXFileReference; fileEncoding = 4; lastKnownFileType = sourcecode.c.objc; path = LoginInViewController.m; sourceTree = "<group>"; };
		784D9EA51B71BF8C00AD3F4F /* libsqlite3.dylib */ = {isa = PBXFileReference; lastKnownFileType = "compiled.mach-o.dylib"; name = libsqlite3.dylib; path = usr/lib/libsqlite3.dylib; sourceTree = SDKROOT; };
		784D9EA71B71C80A00AD3F4F /* SqliteManager.h */ = {isa = PBXFileReference; fileEncoding = 4; lastKnownFileType = sourcecode.c.h; path = SqliteManager.h; sourceTree = "<group>"; };
		784D9EA81B71C80A00AD3F4F /* SqliteManager.m */ = {isa = PBXFileReference; fileEncoding = 4; lastKnownFileType = sourcecode.c.objc; path = SqliteManager.m; sourceTree = "<group>"; };
		784D9EAA1B7201DD00AD3F4F /* LoginInNavigationViewController.h */ = {isa = PBXFileReference; fileEncoding = 4; lastKnownFileType = sourcecode.c.h; name = LoginInNavigationViewController.h; path = ../LoginInNavigationViewController.h; sourceTree = "<group>"; };
		784D9EAB1B7201DD00AD3F4F /* LoginInNavigationViewController.m */ = {isa = PBXFileReference; fileEncoding = 4; lastKnownFileType = sourcecode.c.objc; name = LoginInNavigationViewController.m; path = ../LoginInNavigationViewController.m; sourceTree = "<group>"; };
		784D9EAD1B7240B400AD3F4F /* MainTabViewController.h */ = {isa = PBXFileReference; fileEncoding = 4; lastKnownFileType = sourcecode.c.h; path = MainTabViewController.h; sourceTree = "<group>"; };
		784D9EAE1B7240B400AD3F4F /* MainTabViewController.m */ = {isa = PBXFileReference; fileEncoding = 4; lastKnownFileType = sourcecode.c.objc; path = MainTabViewController.m; sourceTree = "<group>"; };
		784D9EB01B7256C300AD3F4F /* RestAPIReconnection.h */ = {isa = PBXFileReference; fileEncoding = 4; lastKnownFileType = sourcecode.c.h; path = RestAPIReconnection.h; sourceTree = "<group>"; };
		784D9EB11B7256C300AD3F4F /* RestAPIReconnection.m */ = {isa = PBXFileReference; fileEncoding = 4; lastKnownFileType = sourcecode.c.objc; path = RestAPIReconnection.m; sourceTree = "<group>"; };
		784D9EDA1B7453B700AD3F4F /* CalendarViewController.h */ = {isa = PBXFileReference; fileEncoding = 4; lastKnownFileType = sourcecode.c.h; path = CalendarViewController.h; sourceTree = "<group>"; };
		784D9EDB1B7453B700AD3F4F /* CalendarViewController.m */ = {isa = PBXFileReference; fileEncoding = 4; lastKnownFileType = sourcecode.c.objc; path = CalendarViewController.m; sourceTree = "<group>"; };
		784D9EDC1B7453B700AD3F4F /* CalendarMonthCollectionViewLayout.h */ = {isa = PBXFileReference; fileEncoding = 4; lastKnownFileType = sourcecode.c.h; path = CalendarMonthCollectionViewLayout.h; sourceTree = "<group>"; };
		784D9EDD1B7453B700AD3F4F /* CalendarMonthCollectionViewLayout.m */ = {isa = PBXFileReference; fileEncoding = 4; lastKnownFileType = sourcecode.c.objc; path = CalendarMonthCollectionViewLayout.m; sourceTree = "<group>"; };
		784D9EDE1B7453B700AD3F4F /* CalendarMonthHeaderView.h */ = {isa = PBXFileReference; fileEncoding = 4; lastKnownFileType = sourcecode.c.h; path = CalendarMonthHeaderView.h; sourceTree = "<group>"; };
		784D9EDF1B7453B700AD3F4F /* CalendarMonthHeaderView.m */ = {isa = PBXFileReference; fileEncoding = 4; lastKnownFileType = sourcecode.c.objc; path = CalendarMonthHeaderView.m; sourceTree = "<group>"; };
		784D9EE01B7453B700AD3F4F /* CalendarDayCell.h */ = {isa = PBXFileReference; fileEncoding = 4; lastKnownFileType = sourcecode.c.h; path = CalendarDayCell.h; sourceTree = "<group>"; };
		784D9EE11B7453B700AD3F4F /* CalendarDayCell.m */ = {isa = PBXFileReference; fileEncoding = 4; lastKnownFileType = sourcecode.c.objc; path = CalendarDayCell.m; sourceTree = "<group>"; };
		784D9EE21B7453B700AD3F4F /* CalendarLogic.h */ = {isa = PBXFileReference; fileEncoding = 4; lastKnownFileType = sourcecode.c.h; path = CalendarLogic.h; sourceTree = "<group>"; };
		784D9EE31B7453B700AD3F4F /* CalendarLogic.m */ = {isa = PBXFileReference; fileEncoding = 4; lastKnownFileType = sourcecode.c.objc; path = CalendarLogic.m; sourceTree = "<group>"; };
		784D9EE41B7453B700AD3F4F /* CalendarDayModel.h */ = {isa = PBXFileReference; fileEncoding = 4; lastKnownFileType = sourcecode.c.h; path = CalendarDayModel.h; sourceTree = "<group>"; };
		784D9EE51B7453B700AD3F4F /* CalendarDayModel.m */ = {isa = PBXFileReference; fileEncoding = 4; lastKnownFileType = sourcecode.c.objc; path = CalendarDayModel.m; sourceTree = "<group>"; };
		784D9EE61B7453B700AD3F4F /* NSDate+WQCalendarLogic.h */ = {isa = PBXFileReference; fileEncoding = 4; lastKnownFileType = sourcecode.c.h; path = "NSDate+WQCalendarLogic.h"; sourceTree = "<group>"; };
		784D9EE71B7453B700AD3F4F /* NSDate+WQCalendarLogic.m */ = {isa = PBXFileReference; fileEncoding = 4; lastKnownFileType = sourcecode.c.objc; path = "NSDate+WQCalendarLogic.m"; sourceTree = "<group>"; };
		784D9EE81B7453B700AD3F4F /* Color.h */ = {isa = PBXFileReference; fileEncoding = 4; lastKnownFileType = sourcecode.c.h; path = Color.h; sourceTree = "<group>"; };
		787111BA1B67694F006B245B /* yoko.app */ = {isa = PBXFileReference; explicitFileType = wrapper.application; includeInIndex = 0; path = yoko.app; sourceTree = BUILT_PRODUCTS_DIR; };
		787111BE1B67694F006B245B /* Info.plist */ = {isa = PBXFileReference; lastKnownFileType = text.plist.xml; path = Info.plist; sourceTree = "<group>"; };
		787111BF1B67694F006B245B /* main.m */ = {isa = PBXFileReference; lastKnownFileType = sourcecode.c.objc; path = main.m; sourceTree = "<group>"; };
		787111C11B67694F006B245B /* AppDelegate.h */ = {isa = PBXFileReference; lastKnownFileType = sourcecode.c.h; path = AppDelegate.h; sourceTree = "<group>"; };
		787111C21B67694F006B245B /* AppDelegate.m */ = {isa = PBXFileReference; lastKnownFileType = sourcecode.c.objc; path = AppDelegate.m; sourceTree = "<group>"; };
		787111C51B67694F006B245B /* yoko.xcdatamodel */ = {isa = PBXFileReference; lastKnownFileType = wrapper.xcdatamodel; path = yoko.xcdatamodel; sourceTree = "<group>"; };
		787111C71B67694F006B245B /* ViewController.h */ = {isa = PBXFileReference; lastKnownFileType = sourcecode.c.h; path = ViewController.h; sourceTree = "<group>"; };
		787111C81B67694F006B245B /* ViewController.m */ = {isa = PBXFileReference; lastKnownFileType = sourcecode.c.objc; path = ViewController.m; sourceTree = "<group>"; };
		787111CB1B67694F006B245B /* Base */ = {isa = PBXFileReference; lastKnownFileType = file.storyboard; name = Base; path = Base.lproj/Main.storyboard; sourceTree = "<group>"; };
		787111CD1B67694F006B245B /* Images.xcassets */ = {isa = PBXFileReference; lastKnownFileType = folder.assetcatalog; path = Images.xcassets; sourceTree = "<group>"; };
		787111D01B67694F006B245B /* Base */ = {isa = PBXFileReference; lastKnownFileType = file.xib; name = Base; path = Base.lproj/LaunchScreen.xib; sourceTree = "<group>"; };
		787111D61B67694F006B245B /* yokoTests.xctest */ = {isa = PBXFileReference; explicitFileType = wrapper.cfbundle; includeInIndex = 0; path = yokoTests.xctest; sourceTree = BUILT_PRODUCTS_DIR; };
		787111DB1B67694F006B245B /* Info.plist */ = {isa = PBXFileReference; lastKnownFileType = text.plist.xml; path = Info.plist; sourceTree = "<group>"; };
		787111DC1B67694F006B245B /* yokoTests.m */ = {isa = PBXFileReference; lastKnownFileType = sourcecode.c.objc; path = yokoTests.m; sourceTree = "<group>"; };
		787111E61B677079006B245B /* FriendView.h */ = {isa = PBXFileReference; fileEncoding = 4; lastKnownFileType = sourcecode.c.h; path = FriendView.h; sourceTree = "<group>"; };
		787111E71B677079006B245B /* FriendView.m */ = {isa = PBXFileReference; fileEncoding = 4; lastKnownFileType = sourcecode.c.objc; path = FriendView.m; sourceTree = "<group>"; };
		78BC77711B69F16900CBBE3A /* FriendDetailPageViewController.h */ = {isa = PBXFileReference; fileEncoding = 4; lastKnownFileType = sourcecode.c.h; path = FriendDetailPageViewController.h; sourceTree = "<group>"; };
		78BC77721B69F16900CBBE3A /* FriendDetailPageViewController.m */ = {isa = PBXFileReference; fileEncoding = 4; lastKnownFileType = sourcecode.c.objc; path = FriendDetailPageViewController.m; sourceTree = "<group>"; };
		78BC77741B69F19C00CBBE3A /* FriendDetailViewController.h */ = {isa = PBXFileReference; fileEncoding = 4; lastKnownFileType = sourcecode.c.h; path = FriendDetailViewController.h; sourceTree = "<group>"; };
		78BC77751B69F19C00CBBE3A /* FriendDetailViewController.m */ = {isa = PBXFileReference; fileEncoding = 4; lastKnownFileType = sourcecode.c.objc; path = FriendDetailViewController.m; sourceTree = "<group>"; };
		78BC77771B69FF2000CBBE3A /* RootFriendDetailViewController.h */ = {isa = PBXFileReference; fileEncoding = 4; lastKnownFileType = sourcecode.c.h; path = RootFriendDetailViewController.h; sourceTree = "<group>"; };
		78BC77781B69FF2100CBBE3A /* RootFriendDetailViewController.m */ = {isa = PBXFileReference; fileEncoding = 4; lastKnownFileType = sourcecode.c.objc; path = RootFriendDetailViewController.m; sourceTree = "<group>"; };
		78BC777A1B6A2FC300CBBE3A /* SignUpViewController.h */ = {isa = PBXFileReference; fileEncoding = 4; lastKnownFileType = sourcecode.c.h; path = SignUpViewController.h; sourceTree = "<group>"; };
		78BC777B1B6A2FC300CBBE3A /* SignUpViewController.m */ = {isa = PBXFileReference; fileEncoding = 4; lastKnownFileType = sourcecode.c.objc; path = SignUpViewController.m; sourceTree = "<group>"; };
		78BC77821B6A385E00CBBE3A /* SMS_SDK.framework */ = {isa = PBXFileReference; lastKnownFileType = wrapper.framework; path = SMS_SDK.framework; sourceTree = "<group>"; };
		78BC77851B6A38B400CBBE3A /* libicucore.dylib */ = {isa = PBXFileReference; lastKnownFileType = "compiled.mach-o.dylib"; name = libicucore.dylib; path = usr/lib/libicucore.dylib; sourceTree = SDKROOT; };
		78BC77871B6A38BE00CBBE3A /* libz.dylib */ = {isa = PBXFileReference; lastKnownFileType = "compiled.mach-o.dylib"; name = libz.dylib; path = usr/lib/libz.dylib; sourceTree = SDKROOT; };
		78BC77891B6A38C700CBBE3A /* MessageUI.framework */ = {isa = PBXFileReference; lastKnownFileType = wrapper.framework; name = MessageUI.framework; path = System/Library/Frameworks/MessageUI.framework; sourceTree = SDKROOT; };
		78BC778B1B6A42FA00CBBE3A /* EnterPasswordViewController.h */ = {isa = PBXFileReference; fileEncoding = 4; lastKnownFileType = sourcecode.c.h; name = EnterPasswordViewController.h; path = ../EnterPasswordViewController.h; sourceTree = "<group>"; };
		78BC778C1B6A42FA00CBBE3A /* EnterPasswordViewController.m */ = {isa = PBXFileReference; fileEncoding = 4; lastKnownFileType = sourcecode.c.objc; name = EnterPasswordViewController.m; path = ../EnterPasswordViewController.m; sourceTree = "<group>"; };
		78BC778E1B6A509900CBBE3A /* SetTagViewController.h */ = {isa = PBXFileReference; fileEncoding = 4; lastKnownFileType = sourcecode.c.h; path = SetTagViewController.h; sourceTree = "<group>"; };
		78BC778F1B6A509900CBBE3A /* SetTagViewController.m */ = {isa = PBXFileReference; fileEncoding = 4; lastKnownFileType = sourcecode.c.objc; path = SetTagViewController.m; sourceTree = "<group>"; };
/* End PBXFileReference section */

/* Begin PBXFrameworksBuildPhase section */
		787111B71B67694F006B245B /* Frameworks */ = {
			isa = PBXFrameworksBuildPhase;
			buildActionMask = 2147483647;
			files = (
				784D9EA61B71BF8C00AD3F4F /* libsqlite3.dylib in Frameworks */,
				78BC778A1B6A38C700CBBE3A /* MessageUI.framework in Frameworks */,
				78BC77881B6A38BE00CBBE3A /* libz.dylib in Frameworks */,
				78BC77861B6A38B500CBBE3A /* libicucore.dylib in Frameworks */,
				78BC77831B6A385E00CBBE3A /* SMS_SDK.framework in Frameworks */,
			);
			runOnlyForDeploymentPostprocessing = 0;
		};
		787111D31B67694F006B245B /* Frameworks */ = {
			isa = PBXFrameworksBuildPhase;
			buildActionMask = 2147483647;
			files = (
			);
			runOnlyForDeploymentPostprocessing = 0;
		};
/* End PBXFrameworksBuildPhase section */

/* Begin PBXGroup section */
		784D9E9A1B6F5F5300AD3F4F /* API */ = {
			isa = PBXGroup;
			children = (
				784D9E971B6F5F4E00AD3F4F /* RestAPI.h */,
				784D9E981B6F5F4E00AD3F4F /* RestAPI.m */,
				784D9EA71B71C80A00AD3F4F /* SqliteManager.h */,
				784D9EA81B71C80A00AD3F4F /* SqliteManager.m */,
				784D9EB01B7256C300AD3F4F /* RestAPIReconnection.h */,
				784D9EB11B7256C300AD3F4F /* RestAPIReconnection.m */,
			);
			name = API;
			sourceTree = "<group>";
		};
		784D9EBE1B7382E300AD3F4F /* Friend */ = {
			isa = PBXGroup;
			children = (
				787111E61B677079006B245B /* FriendView.h */,
				787111E71B677079006B245B /* FriendView.m */,
				78BC77711B69F16900CBBE3A /* FriendDetailPageViewController.h */,
				78BC77721B69F16900CBBE3A /* FriendDetailPageViewController.m */,
				78BC77741B69F19C00CBBE3A /* FriendDetailViewController.h */,
				78BC77751B69F19C00CBBE3A /* FriendDetailViewController.m */,
				78BC77771B69FF2000CBBE3A /* RootFriendDetailViewController.h */,
				78BC77781B69FF2100CBBE3A /* RootFriendDetailViewController.m */,
				78BC778E1B6A509900CBBE3A /* SetTagViewController.h */,
				78BC778F1B6A509900CBBE3A /* SetTagViewController.m */,
				784D9E8E1B6E46C500AD3F4F /* NewFriendViewController.h */,
				784D9E8F1B6E46C500AD3F4F /* NewFriendViewController.m */,
				784D9E911B6E570100AD3F4F /* NewTagViewController.h */,
				784D9E921B6E570100AD3F4F /* NewTagViewController.m */,
				784D9E941B6E5A2800AD3F4F /* NewTagCollectionViewCell.h */,
				784D9E951B6E5A2900AD3F4F /* NewTagCollectionViewCell.m */,
			);
			name = Friend;
			sourceTree = "<group>";
		};
		784D9EBF1B7382F900AD3F4F /* User */ = {
			isa = PBXGroup;
			children = (
				784D9E9B1B70863800AD3F4F /* LoginInViewController.h */,
				784D9E9C1B70863800AD3F4F /* LoginInViewController.m */,
				784D9EAA1B7201DD00AD3F4F /* LoginInNavigationViewController.h */,
				784D9EAB1B7201DD00AD3F4F /* LoginInNavigationViewController.m */,
				78BC777A1B6A2FC300CBBE3A /* SignUpViewController.h */,
				78BC777B1B6A2FC300CBBE3A /* SignUpViewController.m */,
				78BC778B1B6A42FA00CBBE3A /* EnterPasswordViewController.h */,
				78BC778C1B6A42FA00CBBE3A /* EnterPasswordViewController.m */,
			);
			name = User;
			sourceTree = "<group>";
		};
		784D9EC01B73832D00AD3F4F /* Calendar */ = {
			isa = PBXGroup;
			children = (
				784D9EDA1B7453B700AD3F4F /* CalendarViewController.h */,
				784D9EDB1B7453B700AD3F4F /* CalendarViewController.m */,
				784D9EDC1B7453B700AD3F4F /* CalendarMonthCollectionViewLayout.h */,
				784D9EDD1B7453B700AD3F4F /* CalendarMonthCollectionViewLayout.m */,
				784D9EDE1B7453B700AD3F4F /* CalendarMonthHeaderView.h */,
				784D9EDF1B7453B700AD3F4F /* CalendarMonthHeaderView.m */,
				784D9EE01B7453B700AD3F4F /* CalendarDayCell.h */,
				784D9EE11B7453B700AD3F4F /* CalendarDayCell.m */,
				784D9EE21B7453B700AD3F4F /* CalendarLogic.h */,
				784D9EE31B7453B700AD3F4F /* CalendarLogic.m */,
				784D9EE41B7453B700AD3F4F /* CalendarDayModel.h */,
				784D9EE51B7453B700AD3F4F /* CalendarDayModel.m */,
				784D9EE61B7453B700AD3F4F /* NSDate+WQCalendarLogic.h */,
				784D9EE71B7453B700AD3F4F /* NSDate+WQCalendarLogic.m */,
				784D9EE81B7453B700AD3F4F /* Color.h */,
			);
			name = Calendar;
			sourceTree = "<group>";
		};
		787111B11B67694F006B245B = {
			isa = PBXGroup;
			children = (
				787111BC1B67694F006B245B /* yoko */,
				787111D91B67694F006B245B /* yokoTests */,
				787111BB1B67694F006B245B /* Products */,
			);
			sourceTree = "<group>";
		};
		787111BB1B67694F006B245B /* Products */ = {
			isa = PBXGroup;
			children = (
				787111BA1B67694F006B245B /* yoko.app */,
				787111D61B67694F006B245B /* yokoTests.xctest */,
			);
			name = Products;
			sourceTree = "<group>";
		};
		787111BC1B67694F006B245B /* yoko */ = {
			isa = PBXGroup;
			children = (
				784D9EC01B73832D00AD3F4F /* Calendar */,
				784D9EBF1B7382F900AD3F4F /* User */,
				784D9EBE1B7382E300AD3F4F /* Friend */,
				784D9E9A1B6F5F5300AD3F4F /* API */,
				78BC77841B6A388300CBBE3A /* Framework */,
				787111C11B67694F006B245B /* AppDelegate.h */,
				787111C21B67694F006B245B /* AppDelegate.m */,
				787111C71B67694F006B245B /* ViewController.h */,
				787111C81B67694F006B245B /* ViewController.m */,
				787111CA1B67694F006B245B /* Main.storyboard */,
				787111CD1B67694F006B245B /* Images.xcassets */,
				787111CF1B67694F006B245B /* LaunchScreen.xib */,
				787111C41B67694F006B245B /* yoko.xcdatamodeld */,
				787111BD1B67694F006B245B /* Supporting Files */,
				784D9EAD1B7240B400AD3F4F /* MainTabViewController.h */,
				784D9EAE1B7240B400AD3F4F /* MainTabViewController.m */,
			);
			path = yoko;
			sourceTree = "<group>";
		};
		787111BD1B67694F006B245B /* Supporting Files */ = {
			isa = PBXGroup;
			children = (
				787111BE1B67694F006B245B /* Info.plist */,
				787111BF1B67694F006B245B /* main.m */,
			);
			name = "Supporting Files";
			sourceTree = "<group>";
		};
		787111D91B67694F006B245B /* yokoTests */ = {
			isa = PBXGroup;
			children = (
				787111DC1B67694F006B245B /* yokoTests.m */,
				787111DA1B67694F006B245B /* Supporting Files */,
			);
			path = yokoTests;
			sourceTree = "<group>";
		};
		787111DA1B67694F006B245B /* Supporting Files */ = {
			isa = PBXGroup;
			children = (
				787111DB1B67694F006B245B /* Info.plist */,
			);
			name = "Supporting Files";
			sourceTree = "<group>";
		};
		78BC77841B6A388300CBBE3A /* Framework */ = {
			isa = PBXGroup;
			children = (
				784D9EA51B71BF8C00AD3F4F /* libsqlite3.dylib */,
				78BC77871B6A38BE00CBBE3A /* libz.dylib */,
				78BC77851B6A38B400CBBE3A /* libicucore.dylib */,
				78BC77891B6A38C700CBBE3A /* MessageUI.framework */,
				78BC77821B6A385E00CBBE3A /* SMS_SDK.framework */,
			);
			name = Framework;
			sourceTree = "<group>";
		};
/* End PBXGroup section */

/* Begin PBXNativeTarget section */
		787111B91B67694F006B245B /* yoko */ = {
			isa = PBXNativeTarget;
			buildConfigurationList = 787111E01B67694F006B245B /* Build configuration list for PBXNativeTarget "yoko" */;
			buildPhases = (
				787111B61B67694F006B245B /* Sources */,
				787111B71B67694F006B245B /* Frameworks */,
				787111B81B67694F006B245B /* Resources */,
			);
			buildRules = (
			);
			dependencies = (
			);
			name = yoko;
			productName = yoko;
			productReference = 787111BA1B67694F006B245B /* yoko.app */;
			productType = "com.apple.product-type.application";
		};
		787111D51B67694F006B245B /* yokoTests */ = {
			isa = PBXNativeTarget;
			buildConfigurationList = 787111E31B67694F006B245B /* Build configuration list for PBXNativeTarget "yokoTests" */;
			buildPhases = (
				787111D21B67694F006B245B /* Sources */,
				787111D31B67694F006B245B /* Frameworks */,
				787111D41B67694F006B245B /* Resources */,
			);
			buildRules = (
			);
			dependencies = (
				787111D81B67694F006B245B /* PBXTargetDependency */,
			);
			name = yokoTests;
			productName = yokoTests;
			productReference = 787111D61B67694F006B245B /* yokoTests.xctest */;
			productType = "com.apple.product-type.bundle.unit-test";
		};
/* End PBXNativeTarget section */

/* Begin PBXProject section */
		787111B21B67694F006B245B /* Project object */ = {
			isa = PBXProject;
			attributes = {
				LastUpgradeCheck = 0630;
				ORGANIZATIONNAME = BlueSun;
				TargetAttributes = {
					787111B91B67694F006B245B = {
						CreatedOnToolsVersion = 6.3.1;
						DevelopmentTeam = 96MC8V8AU3;
					};
					787111D51B67694F006B245B = {
						CreatedOnToolsVersion = 6.3.1;
						TestTargetID = 787111B91B67694F006B245B;
					};
				};
			};
			buildConfigurationList = 787111B51B67694F006B245B /* Build configuration list for PBXProject "yoko" */;
			compatibilityVersion = "Xcode 3.2";
			developmentRegion = English;
			hasScannedForEncodings = 0;
			knownRegions = (
				en,
				Base,
			);
			mainGroup = 787111B11B67694F006B245B;
			productRefGroup = 787111BB1B67694F006B245B /* Products */;
			projectDirPath = "";
			projectRoot = "";
			targets = (
				787111B91B67694F006B245B /* yoko */,
				787111D51B67694F006B245B /* yokoTests */,
			);
		};
/* End PBXProject section */

/* Begin PBXResourcesBuildPhase section */
		787111B81B67694F006B245B /* Resources */ = {
			isa = PBXResourcesBuildPhase;
			buildActionMask = 2147483647;
			files = (
				787111CC1B67694F006B245B /* Main.storyboard in Resources */,
				787111D11B67694F006B245B /* LaunchScreen.xib in Resources */,
				787111CE1B67694F006B245B /* Images.xcassets in Resources */,
			);
			runOnlyForDeploymentPostprocessing = 0;
		};
		787111D41B67694F006B245B /* Resources */ = {
			isa = PBXResourcesBuildPhase;
			buildActionMask = 2147483647;
			files = (
			);
			runOnlyForDeploymentPostprocessing = 0;
		};
/* End PBXResourcesBuildPhase section */

/* Begin PBXSourcesBuildPhase section */
		787111B61B67694F006B245B /* Sources */ = {
			isa = PBXSourcesBuildPhase;
			buildActionMask = 2147483647;
			files = (
				78BC778D1B6A42FA00CBBE3A /* EnterPasswordViewController.m in Sources */,
				784D9E9D1B70863800AD3F4F /* LoginInViewController.m in Sources */,
				78BC77761B69F19C00CBBE3A /* FriendDetailViewController.m in Sources */,
				784D9EB21B7256C300AD3F4F /* RestAPIReconnection.m in Sources */,
				784D9E991B6F5F4E00AD3F4F /* RestAPI.m in Sources */,
				784D9EAF1B7240B400AD3F4F /* MainTabViewController.m in Sources */,
				784D9EA91B71C80A00AD3F4F /* SqliteManager.m in Sources */,
				784D9E961B6E5A2900AD3F4F /* NewTagCollectionViewCell.m in Sources */,
				78BC77731B69F16900CBBE3A /* FriendDetailPageViewController.m in Sources */,
				784D9EAC1B7201DD00AD3F4F /* LoginInNavigationViewController.m in Sources */,
				784D9EEE1B7453B700AD3F4F /* CalendarLogic.m in Sources */,
				784D9EEA1B7453B700AD3F4F /* CalendarViewController.m in Sources */,
				78BC77791B69FF2100CBBE3A /* RootFriendDetailViewController.m in Sources */,
				784D9EEB1B7453B700AD3F4F /* CalendarMonthCollectionViewLayout.m in Sources */,
				787111C61B67694F006B245B /* yoko.xcdatamodeld in Sources */,
				784D9E931B6E570100AD3F4F /* NewTagViewController.m in Sources */,
				784D9E901B6E46C500AD3F4F /* NewFriendViewController.m in Sources */,
				784D9EEC1B7453B700AD3F4F /* CalendarMonthHeaderView.m in Sources */,
				787111C31B67694F006B245B /* AppDelegate.m in Sources */,
				787111C91B67694F006B245B /* ViewController.m in Sources */,
				784D9EEF1B7453B700AD3F4F /* CalendarDayModel.m in Sources */,
				787111E81B677079006B245B /* FriendView.m in Sources */,
				784D9EED1B7453B700AD3F4F /* CalendarDayCell.m in Sources */,
				787111C01B67694F006B245B /* main.m in Sources */,
				784D9EF01B7453B700AD3F4F /* NSDate+WQCalendarLogic.m in Sources */,
				78BC777C1B6A2FC300CBBE3A /* SignUpViewController.m in Sources */,
				78BC77901B6A509900CBBE3A /* SetTagViewController.m in Sources */,
			);
			runOnlyForDeploymentPostprocessing = 0;
		};
		787111D21B67694F006B245B /* Sources */ = {
			isa = PBXSourcesBuildPhase;
			buildActionMask = 2147483647;
			files = (
				787111DD1B67694F006B245B /* yokoTests.m in Sources */,
			);
			runOnlyForDeploymentPostprocessing = 0;
		};
/* End PBXSourcesBuildPhase section */

/* Begin PBXTargetDependency section */
		787111D81B67694F006B245B /* PBXTargetDependency */ = {
			isa = PBXTargetDependency;
			target = 787111B91B67694F006B245B /* yoko */;
			targetProxy = 787111D71B67694F006B245B /* PBXContainerItemProxy */;
		};
/* End PBXTargetDependency section */

/* Begin PBXVariantGroup section */
		787111CA1B67694F006B245B /* Main.storyboard */ = {
			isa = PBXVariantGroup;
			children = (
				787111CB1B67694F006B245B /* Base */,
			);
			name = Main.storyboard;
			sourceTree = "<group>";
		};
		787111CF1B67694F006B245B /* LaunchScreen.xib */ = {
			isa = PBXVariantGroup;
			children = (
				787111D01B67694F006B245B /* Base */,
			);
			name = LaunchScreen.xib;
			sourceTree = "<group>";
		};
/* End PBXVariantGroup section */

/* Begin XCBuildConfiguration section */
		787111DE1B67694F006B245B /* Debug */ = {
			isa = XCBuildConfiguration;
			buildSettings = {
				ALWAYS_SEARCH_USER_PATHS = NO;
				CLANG_CXX_LANGUAGE_STANDARD = "gnu++0x";
				CLANG_CXX_LIBRARY = "libc++";
				CLANG_ENABLE_MODULES = YES;
				CLANG_ENABLE_OBJC_ARC = YES;
				CLANG_WARN_BOOL_CONVERSION = YES;
				CLANG_WARN_CONSTANT_CONVERSION = YES;
				CLANG_WARN_DIRECT_OBJC_ISA_USAGE = YES_ERROR;
				CLANG_WARN_EMPTY_BODY = YES;
				CLANG_WARN_ENUM_CONVERSION = YES;
				CLANG_WARN_INT_CONVERSION = YES;
				CLANG_WARN_OBJC_ROOT_CLASS = YES_ERROR;
				CLANG_WARN_UNREACHABLE_CODE = YES;
				CLANG_WARN__DUPLICATE_METHOD_MATCH = YES;
				"CODE_SIGN_IDENTITY[sdk=iphoneos*]" = "iPhone Developer";
				COPY_PHASE_STRIP = NO;
				DEBUG_INFORMATION_FORMAT = "dwarf-with-dsym";
				ENABLE_STRICT_OBJC_MSGSEND = YES;
				GCC_C_LANGUAGE_STANDARD = gnu99;
				GCC_DYNAMIC_NO_PIC = NO;
				GCC_NO_COMMON_BLOCKS = YES;
				GCC_OPTIMIZATION_LEVEL = 0;
				GCC_PREPROCESSOR_DEFINITIONS = (
					"DEBUG=1",
					"$(inherited)",
				);
				GCC_SYMBOLS_PRIVATE_EXTERN = NO;
				GCC_WARN_64_TO_32_BIT_CONVERSION = YES;
				GCC_WARN_ABOUT_RETURN_TYPE = YES_ERROR;
				GCC_WARN_UNDECLARED_SELECTOR = YES;
				GCC_WARN_UNINITIALIZED_AUTOS = YES_AGGRESSIVE;
				GCC_WARN_UNUSED_FUNCTION = YES;
				GCC_WARN_UNUSED_VARIABLE = YES;
				IPHONEOS_DEPLOYMENT_TARGET = 8.3;
				MTL_ENABLE_DEBUG_INFO = YES;
				ONLY_ACTIVE_ARCH = YES;
				SDKROOT = iphoneos;
			};
			name = Debug;
		};
		787111DF1B67694F006B245B /* Release */ = {
			isa = XCBuildConfiguration;
			buildSettings = {
				ALWAYS_SEARCH_USER_PATHS = NO;
				CLANG_CXX_LANGUAGE_STANDARD = "gnu++0x";
				CLANG_CXX_LIBRARY = "libc++";
				CLANG_ENABLE_MODULES = YES;
				CLANG_ENABLE_OBJC_ARC = YES;
				CLANG_WARN_BOOL_CONVERSION = YES;
				CLANG_WARN_CONSTANT_CONVERSION = YES;
				CLANG_WARN_DIRECT_OBJC_ISA_USAGE = YES_ERROR;
				CLANG_WARN_EMPTY_BODY = YES;
				CLANG_WARN_ENUM_CONVERSION = YES;
				CLANG_WARN_INT_CONVERSION = YES;
				CLANG_WARN_OBJC_ROOT_CLASS = YES_ERROR;
				CLANG_WARN_UNREACHABLE_CODE = YES;
				CLANG_WARN__DUPLICATE_METHOD_MATCH = YES;
				"CODE_SIGN_IDENTITY[sdk=iphoneos*]" = "iPhone Developer";
				COPY_PHASE_STRIP = NO;
				DEBUG_INFORMATION_FORMAT = "dwarf-with-dsym";
				ENABLE_NS_ASSERTIONS = NO;
				ENABLE_STRICT_OBJC_MSGSEND = YES;
				GCC_C_LANGUAGE_STANDARD = gnu99;
				GCC_NO_COMMON_BLOCKS = YES;
				GCC_WARN_64_TO_32_BIT_CONVERSION = YES;
				GCC_WARN_ABOUT_RETURN_TYPE = YES_ERROR;
				GCC_WARN_UNDECLARED_SELECTOR = YES;
				GCC_WARN_UNINITIALIZED_AUTOS = YES_AGGRESSIVE;
				GCC_WARN_UNUSED_FUNCTION = YES;
				GCC_WARN_UNUSED_VARIABLE = YES;
				IPHONEOS_DEPLOYMENT_TARGET = 8.3;
				MTL_ENABLE_DEBUG_INFO = NO;
				SDKROOT = iphoneos;
				VALIDATE_PRODUCT = YES;
			};
			name = Release;
		};
		787111E11B67694F006B245B /* Debug */ = {
			isa = XCBuildConfiguration;
			buildSettings = {
				ASSETCATALOG_COMPILER_APPICON_NAME = AppIcon;
				CODE_SIGN_IDENTITY = "iPhone Developer: zhang enyu (6HAM3T5U26)";
				"CODE_SIGN_IDENTITY[sdk=iphoneos*]" = "iPhone Developer: zhang enyu (6HAM3T5U26)";
				FRAMEWORK_SEARCH_PATHS = (
					"$(inherited)",
					"$(PROJECT_DIR)/yoko",
				);
				INFOPLIST_FILE = yoko/Info.plist;
				LD_RUNPATH_SEARCH_PATHS = "$(inherited) @executable_path/Frameworks";
				PRODUCT_NAME = "$(TARGET_NAME)";
				PROVISIONING_PROFILE = "";
			};
			name = Debug;
		};
		787111E21B67694F006B245B /* Release */ = {
			isa = XCBuildConfiguration;
			buildSettings = {
				ASSETCATALOG_COMPILER_APPICON_NAME = AppIcon;
				CODE_SIGN_IDENTITY = "iPhone Developer: zhang enyu (6HAM3T5U26)";
				"CODE_SIGN_IDENTITY[sdk=iphoneos*]" = "iPhone Developer: zhang enyu (6HAM3T5U26)";
				FRAMEWORK_SEARCH_PATHS = (
					"$(inherited)",
					"$(PROJECT_DIR)/yoko",
				);
				INFOPLIST_FILE = yoko/Info.plist;
				LD_RUNPATH_SEARCH_PATHS = "$(inherited) @executable_path/Frameworks";
				PRODUCT_NAME = "$(TARGET_NAME)";
				PROVISIONING_PROFILE = "";
			};
			name = Release;
		};
		787111E41B67694F006B245B /* Debug */ = {
			isa = XCBuildConfiguration;
			buildSettings = {
				BUNDLE_LOADER = "$(TEST_HOST)";
				FRAMEWORK_SEARCH_PATHS = (
					"$(SDKROOT)/Developer/Library/Frameworks",
					"$(inherited)",
				);
				GCC_PREPROCESSOR_DEFINITIONS = (
					"DEBUG=1",
					"$(inherited)",
				);
				INFOPLIST_FILE = yokoTests/Info.plist;
				LD_RUNPATH_SEARCH_PATHS = "$(inherited) @executable_path/Frameworks @loader_path/Frameworks";
				PRODUCT_NAME = "$(TARGET_NAME)";
				TEST_HOST = "$(BUILT_PRODUCTS_DIR)/yoko.app/yoko";
			};
			name = Debug;
		};
		787111E51B67694F006B245B /* Release */ = {
			isa = XCBuildConfiguration;
			buildSettings = {
				BUNDLE_LOADER = "$(TEST_HOST)";
				FRAMEWORK_SEARCH_PATHS = (
					"$(SDKROOT)/Developer/Library/Frameworks",
					"$(inherited)",
				);
				INFOPLIST_FILE = yokoTests/Info.plist;
				LD_RUNPATH_SEARCH_PATHS = "$(inherited) @executable_path/Frameworks @loader_path/Frameworks";
				PRODUCT_NAME = "$(TARGET_NAME)";
				TEST_HOST = "$(BUILT_PRODUCTS_DIR)/yoko.app/yoko";
			};
			name = Release;
		};
/* End XCBuildConfiguration section */

/* Begin XCConfigurationList section */
		787111B51B67694F006B245B /* Build configuration list for PBXProject "yoko" */ = {
			isa = XCConfigurationList;
			buildConfigurations = (
				787111DE1B67694F006B245B /* Debug */,
				787111DF1B67694F006B245B /* Release */,
			);
			defaultConfigurationIsVisible = 0;
			defaultConfigurationName = Release;
		};
		787111E01B67694F006B245B /* Build configuration list for PBXNativeTarget "yoko" */ = {
			isa = XCConfigurationList;
			buildConfigurations = (
				787111E11B67694F006B245B /* Debug */,
				787111E21B67694F006B245B /* Release */,
			);
			defaultConfigurationIsVisible = 0;
			defaultConfigurationName = Release;
		};
		787111E31B67694F006B245B /* Build configuration list for PBXNativeTarget "yokoTests" */ = {
			isa = XCConfigurationList;
			buildConfigurations = (
				787111E41B67694F006B245B /* Debug */,
				787111E51B67694F006B245B /* Release */,
			);
			defaultConfigurationIsVisible = 0;
			defaultConfigurationName = Release;
		};
/* End XCConfigurationList section */

/* Begin XCVersionGroup section */
		787111C41B67694F006B245B /* yoko.xcdatamodeld */ = {
			isa = XCVersionGroup;
			children = (
				787111C51B67694F006B245B /* yoko.xcdatamodel */,
			);
			currentVersion = 787111C51B67694F006B245B /* yoko.xcdatamodel */;
			path = yoko.xcdatamodeld;
			sourceTree = "<group>";
			versionGroupType = wrapper.xcdatamodel;
		};
/* End XCVersionGroup section */
	};
	rootObject = 787111B21B67694F006B245B /* Project object */;
}
